
Microsoft Visual Studio Solution File, Format Version 12.00
# Visual Studio 15
VisualStudioVersion = 15.0.28307.1684
MinimumVisualStudioVersion = 10.0.40219.1
Project("{FAE04EC0-301F-11D3-BF4B-00C04F79EFBC}") = "Multiples3and5", "Multiples3and5\Multiples3and5.csproj", "{19A0A927-ADC0-4D68-BE30-CB0215380223}"
EndProject
Global
	GlobalSection(SolutionConfigurationPlatforms) = preSolution
		Debug|Any CPU = Debug|Any CPU
		Release|Any CPU = Release|Any CPU
	EndGlobalSection
	GlobalSection(ProjectConfigurationPlatforms) = postSolution
		{19A0A927-ADC0-4D68-BE30-CB0215380223}.Debug|Any CPU.ActiveCfg = Debug|Any CPU
		{19A0A927-ADC0-4D68-BE30-CB0215380223}.Debug|Any CPU.Build.0 = Debug|Any CPU
		{19A0A927-ADC0-4D68-BE30-CB0215380223}.Release|Any CPU.ActiveCfg = Release|Any CPU
		{19A0A927-ADC0-4D68-BE30-CB0215380223}.Release|Any CPU.Build.0 = Release|Any CPU
	EndGlobalSection
	GlobalSection(SolutionProperties) = preSolution
		HideSolutionNode = FALSE
	EndGlobalSection
	GlobalSection(ExtensibilityGlobals) = postSolution
		SolutionGuid = {2EECE13B-5FA0-4274-B4AC-7DC3D0630B1E}
	EndGlobalSection
EndGlobal
